
Microsoft Visual Studio Solution File, Format Version 12.00
# Visual Studio Version 17
VisualStudioVersion = 17.2.32516.85
MinimumVisualStudioVersion = 10.0.40219.1
Project("{9A19103F-16F7-4668-BE54-9A1E7A4F7556}") = "Sinx.UnitTest", "Sinx.UnitTest\Sinx.UnitTest.csproj", "{F63B08DD-D3AA-43DC-ABA9-86AC65A0C5B0}"
EndProject
Project("{9A19103F-16F7-4668-BE54-9A1E7A4F7556}") = "Sinx.UnitTest.DesignPattern", "Sinx.UnitTest.DesignPattern\Sinx.UnitTest.DesignPattern.csproj", "{51C816DA-5B31-496A-AADF-523C22CF1D0B}"
EndProject
Project("{9A19103F-16F7-4668-BE54-9A1E7A4F7556}") = "Sinx.UnitTest.AspNetCore", "Sinx.UnitTest.AspNetCore\Sinx.UnitTest.AspNetCore.csproj", "{4704BA47-0948-4F09-B70B-9369A8529104}"
EndProject
Project("{9A19103F-16F7-4668-BE54-9A1E7A4F7556}") = "Sinx.Concurrency.Tests", "Sinx.Concurrency.Tests\Sinx.Concurrency.Tests.csproj", "{84CEBBF0-BE18-4C09-89D9-96BB51E401C0}"
EndProject
Project("{9A19103F-16F7-4668-BE54-9A1E7A4F7556}") = "Sinx.Entry", "Sinx.Entry\Sinx.Entry.csproj", "{427259F5-AC49-4C9B-977C-6CD8A37D028E}"
EndProject
Project("{9A19103F-16F7-4668-BE54-9A1E7A4F7556}") = "Sinx.AOP.Tests", "Sinx.AOP.Tests\Sinx.AOP.Tests.csproj", "{2331B893-738F-42E8-9334-3DC58861E970}"
EndProject
Project("{9A19103F-16F7-4668-BE54-9A1E7A4F7556}") = "Sinx.Quartz.Tests", "Sinx.Quartz.Tests\Sinx.Quartz.Tests.csproj", "{01553A1D-5C8A-424F-A976-49AAD1EBDD1C}"
EndProject
Project("{9A19103F-16F7-4668-BE54-9A1E7A4F7556}") = "Sinx.Reflection.Tests", "Sinx.Reflection.Tests\Sinx.Reflection.Tests.csproj", "{EEB97F93-6164-4028-B0EE-3B8FBDC2763F}"
EndProject
Project("{9A19103F-16F7-4668-BE54-9A1E7A4F7556}") = "Sinx.Refactor.Tests", "Sinx.Refactor.Tests\Sinx.Refactor.Tests.csproj", "{66D8981D-7357-4B19-8B6D-22DCF35945D2}"
EndProject
Project("{9A19103F-16F7-4668-BE54-9A1E7A4F7556}") = "Sinx.Algorithm", "Sinx.Algorithm\Sinx.Algorithm.csproj", "{8288EEBF-64EF-445E-8BD0-9EF06CF4F0D1}"
EndProject
Project("{9A19103F-16F7-4668-BE54-9A1E7A4F7556}") = "Sinx.Collection.Tests", "Sinx.Collection.Tests\Sinx.Collection.Tests.csproj", "{2A5C2D5D-CC58-459D-9FE4-57405B052273}"
EndProject
Project("{9A19103F-16F7-4668-BE54-9A1E7A4F7556}") = "Sinx.Reactive.Tests", "Sinx.Reactive.Tests\Sinx.Reactive.Tests.csproj", "{1CE7898E-886D-4FE1-B8E9-C710DFA15009}"
EndProject
Project("{9A19103F-16F7-4668-BE54-9A1E7A4F7556}") = "Sinx.DependencyInjection.Tests", "Sinx.DependencyInjection.Tests\Sinx.DependencyInjection.Tests.csproj", "{84205E90-EB12-4BEA-9FFD-D4098CB6CC19}"
EndProject
Project("{9A19103F-16F7-4668-BE54-9A1E7A4F7556}") = "Sinx.ComponentModel.Tests", "Sinx.ComponentModel.Tests\Sinx.ComponentModel.Tests.csproj", "{DFD17738-860E-4056-97D1-AB5C74921AAD}"
EndProject
Project("{2150E333-8FDC-42A3-9474-1A3956D46DE8}") = "Solution Items", "Solution Items", "{694FAD0D-7E44-418D-93C0-B03E2E613DA0}"
	ProjectSection(SolutionItems) = preProject
		Directory.Build.props = Directory.Build.props
	EndProjectSection
EndProject
Project("{2150E333-8FDC-42A3-9474-1A3956D46DE8}") = "System.Collections", "System.Collections", "{909509ED-EB28-4862-9D3D-F1441562217C}"
EndProject
Project("{FAE04EC0-301F-11D3-BF4B-00C04F79EFBC}") = "Sinx.Private.CoreLib", "Sinx.Private.CoreLib\Sinx.Private.CoreLib.csproj", "{B5CF137E-63F4-4564-B85D-217F90637EE0}"
EndProject
Project("{FAE04EC0-301F-11D3-BF4B-00C04F79EFBC}") = "Sinx.Private.CoreLib.Tests", "Sinx.Private.CoreLib.Tests\Sinx.Private.CoreLib.Tests.csproj", "{AB03B163-CC6F-4CC9-BC24-B1D8D9E70B55}"
EndProject
Project("{2150E333-8FDC-42A3-9474-1A3956D46DE8}") = "Grpc", "Grpc", "{B2C574C2-FAEC-472C-9B4F-53B861EAA980}"
EndProject
Project("{FAE04EC0-301F-11D3-BF4B-00C04F79EFBC}") = "Sinx.Grpc.Server", "Sinx.Grpc.Server\Sinx.Grpc.Server.csproj", "{C45DE882-2532-4B44-8CAC-1CC264F5C09E}"
EndProject
Project("{FAE04EC0-301F-11D3-BF4B-00C04F79EFBC}") = "Sinx.Grpc.Client", "Sinx.Grpc.Client\Sinx.Grpc.Client.csproj", "{0433C08E-2ABD-4DF5-9F98-2EF78D55092B}"
EndProject
Project("{2150E333-8FDC-42A3-9474-1A3956D46DE8}") = "InvokeCpp", "InvokeCpp", "{F9901F3E-0FFF-41F6-B1C5-C64488C953BA}"
EndProject
Project("{8BC9CEB8-8B4A-11D0-8D11-00A0C91BC942}") = "Sinx.InvokeCpp.Cpp", "Sinx.InvokeCpp.Cpp\Sinx.InvokeCpp.Cpp.vcxproj", "{2F5B867E-F413-42C3-949C-3D0BC5FE21F1}"
EndProject
Project("{FAE04EC0-301F-11D3-BF4B-00C04F79EFBC}") = "Sinx.InvokeCpp.CSharp", "Sinx.InvokeCpp.CSharp\Sinx.InvokeCpp.CSharp.csproj", "{944D320F-02A8-4295-9726-0A75DF63AA59}"
EndProject
Project("{8BC9CEB8-8B4A-11D0-8D11-00A0C91BC942}") = "Sinx.InvokeCpp.Console", "Sinx.InvokeCpp.Console\Sinx.InvokeCpp.Console.vcxproj", "{AFB04F12-4CFD-498C-B61B-80322ED4D1E5}"
EndProject
Project("{2150E333-8FDC-42A3-9474-1A3956D46DE8}") = "Orleans", "Orleans", "{B8A0998D-BE36-4BDF-94E2-5D46804A2DAA}"
EndProject
Project("{2150E333-8FDC-42A3-9474-1A3956D46DE8}") = "01 Start", "01 Start", "{AF4DD072-CFEF-4BB0-8395-C889D73E82A5}"
EndProject
Project("{9A19103F-16F7-4668-BE54-9A1E7A4F7556}") = "Orleans.Server", "Orleans.Server\Orleans.Server.csproj", "{AF3BF379-2560-4077-9AD0-591A4B0568C6}"
EndProject
Project("{9A19103F-16F7-4668-BE54-9A1E7A4F7556}") = "Orleans.Client", "Orleans.Client\Orleans.Client.csproj", "{9231C11C-DA47-40AA-BC17-DB7014DD5C64}"
EndProject
Project("{9A19103F-16F7-4668-BE54-9A1E7A4F7556}") = "Orleans.Grains", "Orleans.Grains\Orleans.Grains.csproj", "{E909BF28-B49C-4CAA-9CE6-F5C93E6EB760}"
EndProject
Project("{2150E333-8FDC-42A3-9474-1A3956D46DE8}") = "02 聊天室", "02 聊天室", "{545A2EB2-8A0B-4838-9FE6-5BF0B94382CE}"
EndProject
Project("{9A19103F-16F7-4668-BE54-9A1E7A4F7556}") = "Orleans.ChatRoom.Grains.Interface", "Orleans.ChatRoom.Grains.Interface\Orleans.ChatRoom.Grains.Interface.csproj", "{84571D6E-F63D-46B7-827E-99B6625A6210}"
EndProject
Project("{9A19103F-16F7-4668-BE54-9A1E7A4F7556}") = "Orleans.ChatRoom.Grains", "Orleans.ChatRoom.Grains\Orleans.ChatRoom.Grains.csproj", "{EA144B35-296E-47A6-8B22-BFF4B95141B6}"
EndProject
Project("{9A19103F-16F7-4668-BE54-9A1E7A4F7556}") = "Orleans.ChatRoom.Server", "Orleans.ChatRoom.Server\Orleans.ChatRoom.Server.csproj", "{C51A564C-385A-45F9-87AF-627F7952B013}"
EndProject
Project("{9A19103F-16F7-4668-BE54-9A1E7A4F7556}") = "Orleans.ChatRoom.Client", "Orleans.ChatRoom.Client\Orleans.ChatRoom.Client.csproj", "{8371CCB0-B602-44BD-B879-9A5E852FF352}"
EndProject
Project("{888888A0-9F3D-457C-B088-3A5042F75D52}") = "Sinx.Manim.Tests", "Sinx.Manim.Tests\Sinx.Manim.Tests.pyproj", "{28BD2D88-2EB0-4496-B1BC-543CEFB714C3}"
EndProject
Global
	GlobalSection(SolutionConfigurationPlatforms) = preSolution
		Debug|Any CPU = Debug|Any CPU
		Release|Any CPU = Release|Any CPU
	EndGlobalSection
	GlobalSection(ProjectConfigurationPlatforms) = postSolution
		{F63B08DD-D3AA-43DC-ABA9-86AC65A0C5B0}.Debug|Any CPU.ActiveCfg = Debug|Any CPU
		{F63B08DD-D3AA-43DC-ABA9-86AC65A0C5B0}.Debug|Any CPU.Build.0 = Debug|Any CPU
		{F63B08DD-D3AA-43DC-ABA9-86AC65A0C5B0}.Release|Any CPU.ActiveCfg = Release|Any CPU
		{F63B08DD-D3AA-43DC-ABA9-86AC65A0C5B0}.Release|Any CPU.Build.0 = Release|Any CPU
		{51C816DA-5B31-496A-AADF-523C22CF1D0B}.Debug|Any CPU.ActiveCfg = Debug|Any CPU
		{51C816DA-5B31-496A-AADF-523C22CF1D0B}.Debug|Any CPU.Build.0 = Debug|Any CPU
		{51C816DA-5B31-496A-AADF-523C22CF1D0B}.Release|Any CPU.ActiveCfg = Release|Any CPU
		{51C816DA-5B31-496A-AADF-523C22CF1D0B}.Release|Any CPU.Build.0 = Release|Any CPU
		{4704BA47-0948-4F09-B70B-9369A8529104}.Debug|Any CPU.ActiveCfg = Debug|Any CPU
		{4704BA47-0948-4F09-B70B-9369A8529104}.Debug|Any CPU.Build.0 = Debug|Any CPU
		{4704BA47-0948-4F09-B70B-9369A8529104}.Release|Any CPU.ActiveCfg = Release|Any CPU
		{4704BA47-0948-4F09-B70B-9369A8529104}.Release|Any CPU.Build.0 = Release|Any CPU
		{84CEBBF0-BE18-4C09-89D9-96BB51E401C0}.Debug|Any CPU.ActiveCfg = Debug|Any CPU
		{84CEBBF0-BE18-4C09-89D9-96BB51E401C0}.Debug|Any CPU.Build.0 = Debug|Any CPU
		{84CEBBF0-BE18-4C09-89D9-96BB51E401C0}.Release|Any CPU.ActiveCfg = Release|Any CPU
		{84CEBBF0-BE18-4C09-89D9-96BB51E401C0}.Release|Any CPU.Build.0 = Release|Any CPU
		{427259F5-AC49-4C9B-977C-6CD8A37D028E}.Debug|Any CPU.ActiveCfg = Debug|Any CPU
		{427259F5-AC49-4C9B-977C-6CD8A37D028E}.Debug|Any CPU.Build.0 = Debug|Any CPU
		{427259F5-AC49-4C9B-977C-6CD8A37D028E}.Release|Any CPU.ActiveCfg = Release|Any CPU
		{427259F5-AC49-4C9B-977C-6CD8A37D028E}.Release|Any CPU.Build.0 = Release|Any CPU
		{2331B893-738F-42E8-9334-3DC58861E970}.Debug|Any CPU.ActiveCfg = Debug|Any CPU
		{2331B893-738F-42E8-9334-3DC58861E970}.Debug|Any CPU.Build.0 = Debug|Any CPU
		{2331B893-738F-42E8-9334-3DC58861E970}.Release|Any CPU.ActiveCfg = Release|Any CPU
		{2331B893-738F-42E8-9334-3DC58861E970}.Release|Any CPU.Build.0 = Release|Any CPU
		{01553A1D-5C8A-424F-A976-49AAD1EBDD1C}.Debug|Any CPU.ActiveCfg = Debug|Any CPU
		{01553A1D-5C8A-424F-A976-49AAD1EBDD1C}.Debug|Any CPU.Build.0 = Debug|Any CPU
		{01553A1D-5C8A-424F-A976-49AAD1EBDD1C}.Release|Any CPU.ActiveCfg = Release|Any CPU
		{01553A1D-5C8A-424F-A976-49AAD1EBDD1C}.Release|Any CPU.Build.0 = Release|Any CPU
		{EEB97F93-6164-4028-B0EE-3B8FBDC2763F}.Debug|Any CPU.ActiveCfg = Debug|Any CPU
		{EEB97F93-6164-4028-B0EE-3B8FBDC2763F}.Debug|Any CPU.Build.0 = Debug|Any CPU
		{EEB97F93-6164-4028-B0EE-3B8FBDC2763F}.Release|Any CPU.ActiveCfg = Release|Any CPU
		{EEB97F93-6164-4028-B0EE-3B8FBDC2763F}.Release|Any CPU.Build.0 = Release|Any CPU
		{66D8981D-7357-4B19-8B6D-22DCF35945D2}.Debug|Any CPU.ActiveCfg = Debug|Any CPU
		{66D8981D-7357-4B19-8B6D-22DCF35945D2}.Debug|Any CPU.Build.0 = Debug|Any CPU
		{66D8981D-7357-4B19-8B6D-22DCF35945D2}.Release|Any CPU.ActiveCfg = Release|Any CPU
		{66D8981D-7357-4B19-8B6D-22DCF35945D2}.Release|Any CPU.Build.0 = Release|Any CPU
		{8288EEBF-64EF-445E-8BD0-9EF06CF4F0D1}.Debug|Any CPU.ActiveCfg = Debug|Any CPU
		{8288EEBF-64EF-445E-8BD0-9EF06CF4F0D1}.Debug|Any CPU.Build.0 = Debug|Any CPU
		{8288EEBF-64EF-445E-8BD0-9EF06CF4F0D1}.Release|Any CPU.ActiveCfg = Release|Any CPU
		{8288EEBF-64EF-445E-8BD0-9EF06CF4F0D1}.Release|Any CPU.Build.0 = Release|Any CPU
		{2A5C2D5D-CC58-459D-9FE4-57405B052273}.Debug|Any CPU.ActiveCfg = Debug|Any CPU
		{2A5C2D5D-CC58-459D-9FE4-57405B052273}.Debug|Any CPU.Build.0 = Debug|Any CPU
		{2A5C2D5D-CC58-459D-9FE4-57405B052273}.Release|Any CPU.ActiveCfg = Release|Any CPU
		{2A5C2D5D-CC58-459D-9FE4-57405B052273}.Release|Any CPU.Build.0 = Release|Any CPU
		{1CE7898E-886D-4FE1-B8E9-C710DFA15009}.Debug|Any CPU.ActiveCfg = Debug|Any CPU
		{1CE7898E-886D-4FE1-B8E9-C710DFA15009}.Debug|Any CPU.Build.0 = Debug|Any CPU
		{1CE7898E-886D-4FE1-B8E9-C710DFA15009}.Release|Any CPU.ActiveCfg = Release|Any CPU
		{1CE7898E-886D-4FE1-B8E9-C710DFA15009}.Release|Any CPU.Build.0 = Release|Any CPU
		{84205E90-EB12-4BEA-9FFD-D4098CB6CC19}.Debug|Any CPU.ActiveCfg = Debug|Any CPU
		{84205E90-EB12-4BEA-9FFD-D4098CB6CC19}.Debug|Any CPU.Build.0 = Debug|Any CPU
		{84205E90-EB12-4BEA-9FFD-D4098CB6CC19}.Release|Any CPU.ActiveCfg = Release|Any CPU
		{84205E90-EB12-4BEA-9FFD-D4098CB6CC19}.Release|Any CPU.Build.0 = Release|Any CPU
		{DFD17738-860E-4056-97D1-AB5C74921AAD}.Debug|Any CPU.ActiveCfg = Debug|Any CPU
		{DFD17738-860E-4056-97D1-AB5C74921AAD}.Debug|Any CPU.Build.0 = Debug|Any CPU
		{DFD17738-860E-4056-97D1-AB5C74921AAD}.Release|Any CPU.ActiveCfg = Release|Any CPU
		{DFD17738-860E-4056-97D1-AB5C74921AAD}.Release|Any CPU.Build.0 = Release|Any CPU
		{B5CF137E-63F4-4564-B85D-217F90637EE0}.Debug|Any CPU.ActiveCfg = Debug|Any CPU
		{B5CF137E-63F4-4564-B85D-217F90637EE0}.Debug|Any CPU.Build.0 = Debug|Any CPU
		{B5CF137E-63F4-4564-B85D-217F90637EE0}.Release|Any CPU.ActiveCfg = Release|Any CPU
		{B5CF137E-63F4-4564-B85D-217F90637EE0}.Release|Any CPU.Build.0 = Release|Any CPU
		{AB03B163-CC6F-4CC9-BC24-B1D8D9E70B55}.Debug|Any CPU.ActiveCfg = Debug|Any CPU
		{AB03B163-CC6F-4CC9-BC24-B1D8D9E70B55}.Debug|Any CPU.Build.0 = Debug|Any CPU
		{AB03B163-CC6F-4CC9-BC24-B1D8D9E70B55}.Release|Any CPU.ActiveCfg = Release|Any CPU
		{AB03B163-CC6F-4CC9-BC24-B1D8D9E70B55}.Release|Any CPU.Build.0 = Release|Any CPU
		{C45DE882-2532-4B44-8CAC-1CC264F5C09E}.Debug|Any CPU.ActiveCfg = Debug|Any CPU
		{C45DE882-2532-4B44-8CAC-1CC264F5C09E}.Debug|Any CPU.Build.0 = Debug|Any CPU
		{C45DE882-2532-4B44-8CAC-1CC264F5C09E}.Release|Any CPU.ActiveCfg = Release|Any CPU
		{C45DE882-2532-4B44-8CAC-1CC264F5C09E}.Release|Any CPU.Build.0 = Release|Any CPU
		{0433C08E-2ABD-4DF5-9F98-2EF78D55092B}.Debug|Any CPU.ActiveCfg = Debug|Any CPU
		{0433C08E-2ABD-4DF5-9F98-2EF78D55092B}.Debug|Any CPU.Build.0 = Debug|Any CPU
		{0433C08E-2ABD-4DF5-9F98-2EF78D55092B}.Release|Any CPU.ActiveCfg = Release|Any CPU
		{0433C08E-2ABD-4DF5-9F98-2EF78D55092B}.Release|Any CPU.Build.0 = Release|Any CPU
		{2F5B867E-F413-42C3-949C-3D0BC5FE21F1}.Debug|Any CPU.ActiveCfg = Debug|x64
		{2F5B867E-F413-42C3-949C-3D0BC5FE21F1}.Debug|Any CPU.Build.0 = Debug|x64
		{2F5B867E-F413-42C3-949C-3D0BC5FE21F1}.Release|Any CPU.ActiveCfg = Release|Win32
		{2F5B867E-F413-42C3-949C-3D0BC5FE21F1}.Release|Any CPU.Build.0 = Release|Win32
		{944D320F-02A8-4295-9726-0A75DF63AA59}.Debug|Any CPU.ActiveCfg = Debug|Any CPU
		{944D320F-02A8-4295-9726-0A75DF63AA59}.Debug|Any CPU.Build.0 = Debug|Any CPU
		{944D320F-02A8-4295-9726-0A75DF63AA59}.Release|Any CPU.ActiveCfg = Release|Any CPU
		{944D320F-02A8-4295-9726-0A75DF63AA59}.Release|Any CPU.Build.0 = Release|Any CPU
		{AFB04F12-4CFD-498C-B61B-80322ED4D1E5}.Debug|Any CPU.ActiveCfg = Debug|Win32
		{AFB04F12-4CFD-498C-B61B-80322ED4D1E5}.Debug|Any CPU.Build.0 = Debug|Win32
		{AFB04F12-4CFD-498C-B61B-80322ED4D1E5}.Release|Any CPU.ActiveCfg = Release|Win32
		{AFB04F12-4CFD-498C-B61B-80322ED4D1E5}.Release|Any CPU.Build.0 = Release|Win32
		{AF3BF379-2560-4077-9AD0-591A4B0568C6}.Debug|Any CPU.ActiveCfg = Debug|Any CPU
		{AF3BF379-2560-4077-9AD0-591A4B0568C6}.Debug|Any CPU.Build.0 = Debug|Any CPU
		{AF3BF379-2560-4077-9AD0-591A4B0568C6}.Release|Any CPU.ActiveCfg = Release|Any CPU
		{AF3BF379-2560-4077-9AD0-591A4B0568C6}.Release|Any CPU.Build.0 = Release|Any CPU
		{9231C11C-DA47-40AA-BC17-DB7014DD5C64}.Debug|Any CPU.ActiveCfg = Debug|Any CPU
		{9231C11C-DA47-40AA-BC17-DB7014DD5C64}.Debug|Any CPU.Build.0 = Debug|Any CPU
		{9231C11C-DA47-40AA-BC17-DB7014DD5C64}.Release|Any CPU.ActiveCfg = Release|Any CPU
		{9231C11C-DA47-40AA-BC17-DB7014DD5C64}.Release|Any CPU.Build.0 = Release|Any CPU
		{E909BF28-B49C-4CAA-9CE6-F5C93E6EB760}.Debug|Any CPU.ActiveCfg = Debug|Any CPU
		{E909BF28-B49C-4CAA-9CE6-F5C93E6EB760}.Debug|Any CPU.Build.0 = Debug|Any CPU
		{E909BF28-B49C-4CAA-9CE6-F5C93E6EB760}.Release|Any CPU.ActiveCfg = Release|Any CPU
		{E909BF28-B49C-4CAA-9CE6-F5C93E6EB760}.Release|Any CPU.Build.0 = Release|Any CPU
		{84571D6E-F63D-46B7-827E-99B6625A6210}.Debug|Any CPU.ActiveCfg = Debug|Any CPU
		{84571D6E-F63D-46B7-827E-99B6625A6210}.Debug|Any CPU.Build.0 = Debug|Any CPU
		{84571D6E-F63D-46B7-827E-99B6625A6210}.Release|Any CPU.ActiveCfg = Release|Any CPU
		{84571D6E-F63D-46B7-827E-99B6625A6210}.Release|Any CPU.Build.0 = Release|Any CPU
		{EA144B35-296E-47A6-8B22-BFF4B95141B6}.Debug|Any CPU.ActiveCfg = Debug|Any CPU
		{EA144B35-296E-47A6-8B22-BFF4B95141B6}.Debug|Any CPU.Build.0 = Debug|Any CPU
		{EA144B35-296E-47A6-8B22-BFF4B95141B6}.Release|Any CPU.ActiveCfg = Release|Any CPU
		{EA144B35-296E-47A6-8B22-BFF4B95141B6}.Release|Any CPU.Build.0 = Release|Any CPU
		{C51A564C-385A-45F9-87AF-627F7952B013}.Debug|Any CPU.ActiveCfg = Debug|Any CPU
		{C51A564C-385A-45F9-87AF-627F7952B013}.Debug|Any CPU.Build.0 = Debug|Any CPU
		{C51A564C-385A-45F9-87AF-627F7952B013}.Release|Any CPU.ActiveCfg = Release|Any CPU
		{C51A564C-385A-45F9-87AF-627F7952B013}.Release|Any CPU.Build.0 = Release|Any CPU
		{8371CCB0-B602-44BD-B879-9A5E852FF352}.Debug|Any CPU.ActiveCfg = Debug|Any CPU
		{8371CCB0-B602-44BD-B879-9A5E852FF352}.Debug|Any CPU.Build.0 = Debug|Any CPU
		{8371CCB0-B602-44BD-B879-9A5E852FF352}.Release|Any CPU.ActiveCfg = Release|Any CPU
		{8371CCB0-B602-44BD-B879-9A5E852FF352}.Release|Any CPU.Build.0 = Release|Any CPU
		{28BD2D88-2EB0-4496-B1BC-543CEFB714C3}.Debug|Any CPU.ActiveCfg = Debug|Any CPU
		{28BD2D88-2EB0-4496-B1BC-543CEFB714C3}.Release|Any CPU.ActiveCfg = Release|Any CPU
	EndGlobalSection
	GlobalSection(SolutionProperties) = preSolution
		HideSolutionNode = FALSE
	EndGlobalSection
	GlobalSection(NestedProjects) = preSolution
		{B5CF137E-63F4-4564-B85D-217F90637EE0} = {909509ED-EB28-4862-9D3D-F1441562217C}
		{AB03B163-CC6F-4CC9-BC24-B1D8D9E70B55} = {909509ED-EB28-4862-9D3D-F1441562217C}
		{C45DE882-2532-4B44-8CAC-1CC264F5C09E} = {B2C574C2-FAEC-472C-9B4F-53B861EAA980}
		{0433C08E-2ABD-4DF5-9F98-2EF78D55092B} = {B2C574C2-FAEC-472C-9B4F-53B861EAA980}
		{2F5B867E-F413-42C3-949C-3D0BC5FE21F1} = {F9901F3E-0FFF-41F6-B1C5-C64488C953BA}
		{944D320F-02A8-4295-9726-0A75DF63AA59} = {F9901F3E-0FFF-41F6-B1C5-C64488C953BA}
		{AFB04F12-4CFD-498C-B61B-80322ED4D1E5} = {F9901F3E-0FFF-41F6-B1C5-C64488C953BA}
		{AF4DD072-CFEF-4BB0-8395-C889D73E82A5} = {B8A0998D-BE36-4BDF-94E2-5D46804A2DAA}
		{AF3BF379-2560-4077-9AD0-591A4B0568C6} = {AF4DD072-CFEF-4BB0-8395-C889D73E82A5}
		{9231C11C-DA47-40AA-BC17-DB7014DD5C64} = {AF4DD072-CFEF-4BB0-8395-C889D73E82A5}
		{E909BF28-B49C-4CAA-9CE6-F5C93E6EB760} = {AF4DD072-CFEF-4BB0-8395-C889D73E82A5}
		{545A2EB2-8A0B-4838-9FE6-5BF0B94382CE} = {B8A0998D-BE36-4BDF-94E2-5D46804A2DAA}
		{84571D6E-F63D-46B7-827E-99B6625A6210} = {545A2EB2-8A0B-4838-9FE6-5BF0B94382CE}
		{EA144B35-296E-47A6-8B22-BFF4B95141B6} = {545A2EB2-8A0B-4838-9FE6-5BF0B94382CE}
		{C51A564C-385A-45F9-87AF-627F7952B013} = {545A2EB2-8A0B-4838-9FE6-5BF0B94382CE}
		{8371CCB0-B602-44BD-B879-9A5E852FF352} = {545A2EB2-8A0B-4838-9FE6-5BF0B94382CE}
	EndGlobalSection
	GlobalSection(ExtensibilityGlobals) = postSolution
		SolutionGuid = {5F9CD0A2-1C53-4A0E-9F9A-D139BD4716D4}
		EnterpriseLibraryConfigurationToolBinariesPathV6 = packages\EnterpriseLibrary.TransientFaultHandling.6.0.1304.0\lib\portable-net45+win+wp8
	EndGlobalSection
EndGlobal
