
Microsoft Visual Studio Solution File, Format Version 12.00
# Visual Studio 15
VisualStudioVersion = 15.0.27130.2036
MinimumVisualStudioVersion = 10.0.40219.1
Project("{FAE04EC0-301F-11D3-BF4B-00C04F79EFBC}") = "Sinx.UnitTest", "Sinx.UnitTest\Sinx.UnitTest.csproj", "{F63B08DD-D3AA-43DC-ABA9-86AC65A0C5B0}"
EndProject
Project("{2150E333-8FDC-42A3-9474-1A3956D46DE8}") = "01 DotNetTest", "01 DotNetTest", "{A5298940-FBF4-4ACA-926E-C85FBEEDEA52}"
EndProject
Project("{2150E333-8FDC-42A3-9474-1A3956D46DE8}") = "02 AspNetCoreTest", "02 AspNetCoreTest", "{C42E6CF6-A67C-496D-9E06-DB5F6458F5C0}"
EndProject
Project("{9A19103F-16F7-4668-BE54-9A1E7A4F7556}") = "Sinx.UnitTest.UI.AspNetCore", "Sinx.UnitTest.UI.AspNetCore\Sinx.UnitTest.UI.AspNetCore.csproj", "{B5A0F31D-AAF1-47E3-8B8E-A33DD58CB674}"
EndProject
Project("{2150E333-8FDC-42A3-9474-1A3956D46DE8}") = "01 UI", "01 UI", "{45D3DAB5-E80C-4DD8-8E7D-B22B09E6C9AA}"
EndProject
Project("{2150E333-8FDC-42A3-9474-1A3956D46DE8}") = "02 Application", "02 Application", "{DB178B28-20CA-4121-8099-805DCD4D6983}"
EndProject
Project("{2150E333-8FDC-42A3-9474-1A3956D46DE8}") = "03 Domain", "03 Domain", "{585F9F8D-F17C-4EF6-8C30-9057B3E7F840}"
EndProject
Project("{2150E333-8FDC-42A3-9474-1A3956D46DE8}") = "04 Infrastructure", "04 Infrastructure", "{900D0F56-B7F3-4E68-ABE1-3305FE7BAAB3}"
EndProject
Project("{9A19103F-16F7-4668-BE54-9A1E7A4F7556}") = "Sinx.UnitTest.Infrastructure", "Sinx.UnitTest.Infrastructure\Sinx.UnitTest.Infrastructure.csproj", "{9B04A085-2F36-4434-AC63-A5E5DB00CA01}"
EndProject
Project("{9A19103F-16F7-4668-BE54-9A1E7A4F7556}") = "Sinx.UnitTest.Infrastructure.Repository", "Sinx.UnitTest.Infrastructure.Repository\Sinx.UnitTest.Infrastructure.Repository.csproj", "{91BA1E82-F07D-4E41-BCBB-4B4D424BCC58}"
EndProject
Project("{9A19103F-16F7-4668-BE54-9A1E7A4F7556}") = "Sinx.UnitTest.Domain.Model", "Sinx.UnitTest.Domain.Model\Sinx.UnitTest.Domain.Model.csproj", "{665C835B-D1C6-4FA3-9F7C-64497EBAFACD}"
EndProject
Project("{2150E333-8FDC-42A3-9474-1A3956D46DE8}") = "05 UnitTest", "05 UnitTest", "{EB8D7799-3B21-4C37-A13F-D9A1069FCD25}"
	ProjectSection(SolutionItems) = preProject
		Sinx.Concurrency.Tests\03 Rx\01 IObserable创建.cs = Sinx.Concurrency.Tests\03 Rx\01 IObserable创建.cs
	EndProjectSection
EndProject
Project("{9A19103F-16F7-4668-BE54-9A1E7A4F7556}") = "Sinx.UnitTest.UI.AspNetCore.Tests", "Sinx.UnitTest.UI.AspNetCore.Tests\Sinx.UnitTest.UI.AspNetCore.Tests.csproj", "{409C0A7C-F960-4417-8EC4-49EA89CCC780}"
EndProject
Project("{9A19103F-16F7-4668-BE54-9A1E7A4F7556}") = "Sinx.UnitTest.DesignPattern", "Sinx.UnitTest.DesignPattern\Sinx.UnitTest.DesignPattern.csproj", "{51C816DA-5B31-496A-AADF-523C22CF1D0B}"
EndProject
Project("{9A19103F-16F7-4668-BE54-9A1E7A4F7556}") = "Sinx.UnitTest.AspNetCore", "Sinx.UnitTest.AspNetCore\Sinx.UnitTest.AspNetCore.csproj", "{4704BA47-0948-4F09-B70B-9369A8529104}"
EndProject
Project("{9A19103F-16F7-4668-BE54-9A1E7A4F7556}") = "Sinx.Concurrency.Tests", "Sinx.Concurrency.Tests\Sinx.Concurrency.Tests.csproj", "{84CEBBF0-BE18-4C09-89D9-96BB51E401C0}"
EndProject
Project("{9A19103F-16F7-4668-BE54-9A1E7A4F7556}") = "Sinx.Entry", "Sinx.Entry\Sinx.Entry.csproj", "{427259F5-AC49-4C9B-977C-6CD8A37D028E}"
EndProject
Project("{9A19103F-16F7-4668-BE54-9A1E7A4F7556}") = "Sinx.AOP.Tests", "Sinx.AOP.Tests\Sinx.AOP.Tests.csproj", "{2331B893-738F-42E8-9334-3DC58861E970}"
EndProject
Project("{9A19103F-16F7-4668-BE54-9A1E7A4F7556}") = "Sinx.Quartz.Tests", "Sinx.Quartz.Tests\Sinx.Quartz.Tests.csproj", "{01553A1D-5C8A-424F-A976-49AAD1EBDD1C}"
EndProject
Project("{9A19103F-16F7-4668-BE54-9A1E7A4F7556}") = "Sinx.Reflection.Tests", "Sinx.Reflection.Tests\Sinx.Reflection.Tests.csproj", "{EEB97F93-6164-4028-B0EE-3B8FBDC2763F}"
EndProject
Project("{FAE04EC0-301F-11D3-BF4B-00C04F79EFBC}") = "Sinx.Refactor.Tests", "Sinx.Refactor.Tests\Sinx.Refactor.Tests.csproj", "{66D8981D-7357-4B19-8B6D-22DCF35945D2}"
EndProject
Global
	GlobalSection(SolutionConfigurationPlatforms) = preSolution
		Debug|Any CPU = Debug|Any CPU
		Release|Any CPU = Release|Any CPU
	EndGlobalSection
	GlobalSection(ProjectConfigurationPlatforms) = postSolution
		{F63B08DD-D3AA-43DC-ABA9-86AC65A0C5B0}.Debug|Any CPU.ActiveCfg = Debug|Any CPU
		{F63B08DD-D3AA-43DC-ABA9-86AC65A0C5B0}.Debug|Any CPU.Build.0 = Debug|Any CPU
		{F63B08DD-D3AA-43DC-ABA9-86AC65A0C5B0}.Release|Any CPU.ActiveCfg = Release|Any CPU
		{F63B08DD-D3AA-43DC-ABA9-86AC65A0C5B0}.Release|Any CPU.Build.0 = Release|Any CPU
		{B5A0F31D-AAF1-47E3-8B8E-A33DD58CB674}.Debug|Any CPU.ActiveCfg = Debug|Any CPU
		{B5A0F31D-AAF1-47E3-8B8E-A33DD58CB674}.Debug|Any CPU.Build.0 = Debug|Any CPU
		{B5A0F31D-AAF1-47E3-8B8E-A33DD58CB674}.Release|Any CPU.ActiveCfg = Release|Any CPU
		{B5A0F31D-AAF1-47E3-8B8E-A33DD58CB674}.Release|Any CPU.Build.0 = Release|Any CPU
		{9B04A085-2F36-4434-AC63-A5E5DB00CA01}.Debug|Any CPU.ActiveCfg = Debug|Any CPU
		{9B04A085-2F36-4434-AC63-A5E5DB00CA01}.Debug|Any CPU.Build.0 = Debug|Any CPU
		{9B04A085-2F36-4434-AC63-A5E5DB00CA01}.Release|Any CPU.ActiveCfg = Release|Any CPU
		{9B04A085-2F36-4434-AC63-A5E5DB00CA01}.Release|Any CPU.Build.0 = Release|Any CPU
		{91BA1E82-F07D-4E41-BCBB-4B4D424BCC58}.Debug|Any CPU.ActiveCfg = Debug|Any CPU
		{91BA1E82-F07D-4E41-BCBB-4B4D424BCC58}.Debug|Any CPU.Build.0 = Debug|Any CPU
		{91BA1E82-F07D-4E41-BCBB-4B4D424BCC58}.Release|Any CPU.ActiveCfg = Release|Any CPU
		{91BA1E82-F07D-4E41-BCBB-4B4D424BCC58}.Release|Any CPU.Build.0 = Release|Any CPU
		{665C835B-D1C6-4FA3-9F7C-64497EBAFACD}.Debug|Any CPU.ActiveCfg = Debug|Any CPU
		{665C835B-D1C6-4FA3-9F7C-64497EBAFACD}.Debug|Any CPU.Build.0 = Debug|Any CPU
		{665C835B-D1C6-4FA3-9F7C-64497EBAFACD}.Release|Any CPU.ActiveCfg = Release|Any CPU
		{665C835B-D1C6-4FA3-9F7C-64497EBAFACD}.Release|Any CPU.Build.0 = Release|Any CPU
		{409C0A7C-F960-4417-8EC4-49EA89CCC780}.Debug|Any CPU.ActiveCfg = Debug|Any CPU
		{409C0A7C-F960-4417-8EC4-49EA89CCC780}.Debug|Any CPU.Build.0 = Debug|Any CPU
		{409C0A7C-F960-4417-8EC4-49EA89CCC780}.Release|Any CPU.ActiveCfg = Release|Any CPU
		{409C0A7C-F960-4417-8EC4-49EA89CCC780}.Release|Any CPU.Build.0 = Release|Any CPU
		{51C816DA-5B31-496A-AADF-523C22CF1D0B}.Debug|Any CPU.ActiveCfg = Debug|Any CPU
		{51C816DA-5B31-496A-AADF-523C22CF1D0B}.Debug|Any CPU.Build.0 = Debug|Any CPU
		{51C816DA-5B31-496A-AADF-523C22CF1D0B}.Release|Any CPU.ActiveCfg = Release|Any CPU
		{51C816DA-5B31-496A-AADF-523C22CF1D0B}.Release|Any CPU.Build.0 = Release|Any CPU
		{4704BA47-0948-4F09-B70B-9369A8529104}.Debug|Any CPU.ActiveCfg = Debug|Any CPU
		{4704BA47-0948-4F09-B70B-9369A8529104}.Debug|Any CPU.Build.0 = Debug|Any CPU
		{4704BA47-0948-4F09-B70B-9369A8529104}.Release|Any CPU.ActiveCfg = Release|Any CPU
		{4704BA47-0948-4F09-B70B-9369A8529104}.Release|Any CPU.Build.0 = Release|Any CPU
		{84CEBBF0-BE18-4C09-89D9-96BB51E401C0}.Debug|Any CPU.ActiveCfg = Debug|Any CPU
		{84CEBBF0-BE18-4C09-89D9-96BB51E401C0}.Debug|Any CPU.Build.0 = Debug|Any CPU
		{84CEBBF0-BE18-4C09-89D9-96BB51E401C0}.Release|Any CPU.ActiveCfg = Release|Any CPU
		{84CEBBF0-BE18-4C09-89D9-96BB51E401C0}.Release|Any CPU.Build.0 = Release|Any CPU
		{427259F5-AC49-4C9B-977C-6CD8A37D028E}.Debug|Any CPU.ActiveCfg = Debug|Any CPU
		{427259F5-AC49-4C9B-977C-6CD8A37D028E}.Debug|Any CPU.Build.0 = Debug|Any CPU
		{427259F5-AC49-4C9B-977C-6CD8A37D028E}.Release|Any CPU.ActiveCfg = Release|Any CPU
		{427259F5-AC49-4C9B-977C-6CD8A37D028E}.Release|Any CPU.Build.0 = Release|Any CPU
		{2331B893-738F-42E8-9334-3DC58861E970}.Debug|Any CPU.ActiveCfg = Debug|Any CPU
		{2331B893-738F-42E8-9334-3DC58861E970}.Debug|Any CPU.Build.0 = Debug|Any CPU
		{2331B893-738F-42E8-9334-3DC58861E970}.Release|Any CPU.ActiveCfg = Release|Any CPU
		{2331B893-738F-42E8-9334-3DC58861E970}.Release|Any CPU.Build.0 = Release|Any CPU
		{01553A1D-5C8A-424F-A976-49AAD1EBDD1C}.Debug|Any CPU.ActiveCfg = Debug|Any CPU
		{01553A1D-5C8A-424F-A976-49AAD1EBDD1C}.Debug|Any CPU.Build.0 = Debug|Any CPU
		{01553A1D-5C8A-424F-A976-49AAD1EBDD1C}.Release|Any CPU.ActiveCfg = Release|Any CPU
		{01553A1D-5C8A-424F-A976-49AAD1EBDD1C}.Release|Any CPU.Build.0 = Release|Any CPU
		{EEB97F93-6164-4028-B0EE-3B8FBDC2763F}.Debug|Any CPU.ActiveCfg = Debug|Any CPU
		{EEB97F93-6164-4028-B0EE-3B8FBDC2763F}.Debug|Any CPU.Build.0 = Debug|Any CPU
		{EEB97F93-6164-4028-B0EE-3B8FBDC2763F}.Release|Any CPU.ActiveCfg = Release|Any CPU
		{EEB97F93-6164-4028-B0EE-3B8FBDC2763F}.Release|Any CPU.Build.0 = Release|Any CPU
		{66D8981D-7357-4B19-8B6D-22DCF35945D2}.Debug|Any CPU.ActiveCfg = Debug|Any CPU
		{66D8981D-7357-4B19-8B6D-22DCF35945D2}.Debug|Any CPU.Build.0 = Debug|Any CPU
		{66D8981D-7357-4B19-8B6D-22DCF35945D2}.Release|Any CPU.ActiveCfg = Release|Any CPU
		{66D8981D-7357-4B19-8B6D-22DCF35945D2}.Release|Any CPU.Build.0 = Release|Any CPU
	EndGlobalSection
	GlobalSection(SolutionProperties) = preSolution
		HideSolutionNode = FALSE
	EndGlobalSection
	GlobalSection(NestedProjects) = preSolution
		{F63B08DD-D3AA-43DC-ABA9-86AC65A0C5B0} = {A5298940-FBF4-4ACA-926E-C85FBEEDEA52}
		{B5A0F31D-AAF1-47E3-8B8E-A33DD58CB674} = {45D3DAB5-E80C-4DD8-8E7D-B22B09E6C9AA}
		{45D3DAB5-E80C-4DD8-8E7D-B22B09E6C9AA} = {C42E6CF6-A67C-496D-9E06-DB5F6458F5C0}
		{DB178B28-20CA-4121-8099-805DCD4D6983} = {C42E6CF6-A67C-496D-9E06-DB5F6458F5C0}
		{585F9F8D-F17C-4EF6-8C30-9057B3E7F840} = {C42E6CF6-A67C-496D-9E06-DB5F6458F5C0}
		{900D0F56-B7F3-4E68-ABE1-3305FE7BAAB3} = {C42E6CF6-A67C-496D-9E06-DB5F6458F5C0}
		{9B04A085-2F36-4434-AC63-A5E5DB00CA01} = {900D0F56-B7F3-4E68-ABE1-3305FE7BAAB3}
		{91BA1E82-F07D-4E41-BCBB-4B4D424BCC58} = {900D0F56-B7F3-4E68-ABE1-3305FE7BAAB3}
		{665C835B-D1C6-4FA3-9F7C-64497EBAFACD} = {585F9F8D-F17C-4EF6-8C30-9057B3E7F840}
		{EB8D7799-3B21-4C37-A13F-D9A1069FCD25} = {C42E6CF6-A67C-496D-9E06-DB5F6458F5C0}
		{409C0A7C-F960-4417-8EC4-49EA89CCC780} = {EB8D7799-3B21-4C37-A13F-D9A1069FCD25}
		{51C816DA-5B31-496A-AADF-523C22CF1D0B} = {A5298940-FBF4-4ACA-926E-C85FBEEDEA52}
		{4704BA47-0948-4F09-B70B-9369A8529104} = {A5298940-FBF4-4ACA-926E-C85FBEEDEA52}
	EndGlobalSection
	GlobalSection(ExtensibilityGlobals) = postSolution
		SolutionGuid = {5F9CD0A2-1C53-4A0E-9F9A-D139BD4716D4}
		EnterpriseLibraryConfigurationToolBinariesPathV6 = packages\EnterpriseLibrary.TransientFaultHandling.6.0.1304.0\lib\portable-net45+win+wp8
	EndGlobalSection
EndGlobal
